// !$*UTF8*$!
{
	archiveVersion = 1;
	classes = {
	};
	objectVersion = 56;
	objects = {

/* Begin PBXBuildFile section */
		833F62962B948F8000D495CF /* RootView.swift in Sources */ = {isa = PBXBuildFile; fileRef = 833F62952B948F8000D495CF /* RootView.swift */; };
		8363D0CC2B8266650023507A /* musial_mobileApp.swift in Sources */ = {isa = PBXBuildFile; fileRef = 8363D0CB2B8266650023507A /* musial_mobileApp.swift */; };
		8363D0D02B8266670023507A /* Assets.xcassets in Resources */ = {isa = PBXBuildFile; fileRef = 8363D0CF2B8266670023507A /* Assets.xcassets */; };
		8363D0D32B8266670023507A /* Preview Assets.xcassets in Resources */ = {isa = PBXBuildFile; fileRef = 8363D0D22B8266670023507A /* Preview Assets.xcassets */; };
		8363D0DB2B8266930023507A /* PostsVC.swift in Sources */ = {isa = PBXBuildFile; fileRef = 8363D0DA2B8266930023507A /* PostsVC.swift */; };
		8363D0DE2B8266CD0023507A /* TabBar.swift in Sources */ = {isa = PBXBuildFile; fileRef = 8363D0DD2B8266CD0023507A /* TabBar.swift */; };
		8363D0E02B826A5A0023507A /* Constants.swift in Sources */ = {isa = PBXBuildFile; fileRef = 8363D0DF2B826A5A0023507A /* Constants.swift */; };
		83B5688C2BA72236003500A9 /* HTTPReceiver.swift in Sources */ = {isa = PBXBuildFile; fileRef = 83B5688B2BA72236003500A9 /* HTTPReceiver.swift */; };
/* End PBXBuildFile section */

/* Begin PBXFileReference section */
		833F62952B948F8000D495CF /* RootView.swift */ = {isa = PBXFileReference; lastKnownFileType = sourcecode.swift; path = RootView.swift; sourceTree = "<group>"; };
		8363D0C82B8266650023507A /* musial-mobile.app */ = {isa = PBXFileReference; explicitFileType = wrapper.application; includeInIndex = 0; path = "musial-mobile.app"; sourceTree = BUILT_PRODUCTS_DIR; };
		8363D0CB2B8266650023507A /* musial_mobileApp.swift */ = {isa = PBXFileReference; lastKnownFileType = sourcecode.swift; path = musial_mobileApp.swift; sourceTree = "<group>"; };
		8363D0CF2B8266670023507A /* Assets.xcassets */ = {isa = PBXFileReference; lastKnownFileType = folder.assetcatalog; path = Assets.xcassets; sourceTree = "<group>"; };
		8363D0D22B8266670023507A /* Preview Assets.xcassets */ = {isa = PBXFileReference; lastKnownFileType = folder.assetcatalog; path = "Preview Assets.xcassets"; sourceTree = "<group>"; };
		8363D0DA2B8266930023507A /* PostsVC.swift */ = {isa = PBXFileReference; lastKnownFileType = sourcecode.swift; path = PostsVC.swift; sourceTree = "<group>"; };
		8363D0DD2B8266CD0023507A /* TabBar.swift */ = {isa = PBXFileReference; lastKnownFileType = sourcecode.swift; path = TabBar.swift; sourceTree = "<group>"; };
		8363D0DF2B826A5A0023507A /* Constants.swift */ = {isa = PBXFileReference; lastKnownFileType = sourcecode.swift; path = Constants.swift; sourceTree = "<group>"; };
		83B5688B2BA72236003500A9 /* HTTPReceiver.swift */ = {isa = PBXFileReference; lastKnownFileType = sourcecode.swift; path = HTTPReceiver.swift; sourceTree = "<group>"; };
/* End PBXFileReference section */

/* Begin PBXFrameworksBuildPhase section */
		8363D0C52B8266650023507A /* Frameworks */ = {
			isa = PBXFrameworksBuildPhase;
			buildActionMask = 2147483647;
			files = (
			);
			runOnlyForDeploymentPostprocessing = 0;
		};
/* End PBXFrameworksBuildPhase section */

/* Begin PBXGroup section */
		8363D0BF2B8266650023507A = {
			isa = PBXGroup;
			children = (
				8363D0CA2B8266650023507A /* musial-mobile */,
				8363D0C92B8266650023507A /* Products */,
			);
			sourceTree = "<group>";
		};
		8363D0C92B8266650023507A /* Products */ = {
			isa = PBXGroup;
			children = (
				8363D0C82B8266650023507A /* musial-mobile.app */,
			);
			name = Products;
			sourceTree = "<group>";
		};
		8363D0CA2B8266650023507A /* musial-mobile */ = {
			isa = PBXGroup;
			children = (
				83B5688A2BA71DC8003500A9 /* Utilities */,
				8363D0DC2B8266C10023507A /* Components */,
				8363D0D92B8266860023507A /* Screens */,
				8363D0CB2B8266650023507A /* musial_mobileApp.swift */,
				8363D0CF2B8266670023507A /* Assets.xcassets */,
				8363D0D12B8266670023507A /* Preview Content */,
			);
			path = "musial-mobile";
			sourceTree = "<group>";
		};
		8363D0D12B8266670023507A /* Preview Content */ = {
			isa = PBXGroup;
			children = (
				8363D0D22B8266670023507A /* Preview Assets.xcassets */,
			);
			path = "Preview Content";
			sourceTree = "<group>";
		};
		8363D0D92B8266860023507A /* Screens */ = {
			isa = PBXGroup;
			children = (
				8363D0DA2B8266930023507A /* PostsVC.swift */,
				833F62952B948F8000D495CF /* RootView.swift */,
			);
			path = Screens;
			sourceTree = "<group>";
		};
		8363D0DC2B8266C10023507A /* Components */ = {
			isa = PBXGroup;
			children = (
				8363D0DD2B8266CD0023507A /* TabBar.swift */,
				8363D0DF2B826A5A0023507A /* Constants.swift */,
			);
			path = Components;
			sourceTree = "<group>";
		};
		83B5688A2BA71DC8003500A9 /* Utilities */ = {
			isa = PBXGroup;
			children = (
				83B5688B2BA72236003500A9 /* HTTPReceiver.swift */,
			);
			path = Utilities;
			sourceTree = "<group>";
		};
/* End PBXGroup section */

/* Begin PBXNativeTarget section */
		8363D0C72B8266650023507A /* musial-mobile */ = {
			isa = PBXNativeTarget;
			buildConfigurationList = 8363D0D62B8266670023507A /* Build configuration list for PBXNativeTarget "musial-mobile" */;
			buildPhases = (
				8363D0C42B8266650023507A /* Sources */,
				8363D0C52B8266650023507A /* Frameworks */,
				8363D0C62B8266650023507A /* Resources */,
			);
			buildRules = (
			);
			dependencies = (
			);
			name = "musial-mobile";
			productName = "musial-mobile";
			productReference = 8363D0C82B8266650023507A /* musial-mobile.app */;
			productType = "com.apple.product-type.application";
		};
/* End PBXNativeTarget section */

/* Begin PBXProject section */
		8363D0C02B8266650023507A /* Project object */ = {
			isa = PBXProject;
			attributes = {
				BuildIndependentTargetsInParallel = 1;
				LastSwiftUpdateCheck = 1500;
				LastUpgradeCheck = 1500;
				TargetAttributes = {
					8363D0C72B8266650023507A = {
						CreatedOnToolsVersion = 15.0;
					};
				};
			};
			buildConfigurationList = 8363D0C32B8266650023507A /* Build configuration list for PBXProject "musial-mobile" */;
			compatibilityVersion = "Xcode 14.0";
			developmentRegion = en;
			hasScannedForEncodings = 0;
			knownRegions = (
				en,
				Base,
			);
			mainGroup = 8363D0BF2B8266650023507A;
			productRefGroup = 8363D0C92B8266650023507A /* Products */;
			projectDirPath = "";
			projectRoot = "";
			targets = (
				8363D0C72B8266650023507A /* musial-mobile */,
			);
		};
/* End PBXProject section */

/* Begin PBXResourcesBuildPhase section */
		8363D0C62B8266650023507A /* Resources */ = {
			isa = PBXResourcesBuildPhase;
			buildActionMask = 2147483647;
			files = (
				8363D0D32B8266670023507A /* Preview Assets.xcassets in Resources */,
				8363D0D02B8266670023507A /* Assets.xcassets in Resources */,
			);
			runOnlyForDeploymentPostprocessing = 0;
		};
/* End PBXResourcesBuildPhase section */

/* Begin PBXSourcesBuildPhase section */
		8363D0C42B8266650023507A /* Sources */ = {
			isa = PBXSourcesBuildPhase;
			buildActionMask = 2147483647;
			files = (
				83B5688C2BA72236003500A9 /* HTTPReceiver.swift in Sources */,
				8363D0CC2B8266650023507A /* musial_mobileApp.swift in Sources */,
				8363D0DB2B8266930023507A /* PostsVC.swift in Sources */,
				8363D0DE2B8266CD0023507A /* TabBar.swift in Sources */,
				8363D0E02B826A5A0023507A /* Constants.swift in Sources */,
				833F62962B948F8000D495CF /* RootView.swift in Sources */,
			);
			runOnlyForDeploymentPostprocessing = 0;
		};
/* End PBXSourcesBuildPhase section */

/* Begin XCBuildConfiguration section */
		8363D0D42B8266670023507A /* Debug */ = {
			isa = XCBuildConfiguration;
			buildSettings = {
				ALWAYS_SEARCH_USER_PATHS = NO;
				ASSETCATALOG_COMPILER_GENERATE_SWIFT_ASSET_SYMBOL_EXTENSIONS = YES;
				CLANG_ANALYZER_NONNULL = YES;
				CLANG_ANALYZER_NUMBER_OBJECT_CONVERSION = YES_AGGRESSIVE;
				CLANG_CXX_LANGUAGE_STANDARD = "gnu++20";
				CLANG_ENABLE_MODULES = YES;
				CLANG_ENABLE_OBJC_ARC = YES;
				CLANG_ENABLE_OBJC_WEAK = YES;
				CLANG_WARN_BLOCK_CAPTURE_AUTORELEASING = YES;
				CLANG_WARN_BOOL_CONVERSION = YES;
				CLANG_WARN_COMMA = YES;
				CLANG_WARN_CONSTANT_CONVERSION = YES;
				CLANG_WARN_DEPRECATED_OBJC_IMPLEMENTATIONS = YES;
				CLANG_WARN_DIRECT_OBJC_ISA_USAGE = YES_ERROR;
				CLANG_WARN_DOCUMENTATION_COMMENTS = YES;
				CLANG_WARN_EMPTY_BODY = YES;
				CLANG_WARN_ENUM_CONVERSION = YES;
				CLANG_WARN_INFINITE_RECURSION = YES;
				CLANG_WARN_INT_CONVERSION = YES;
				CLANG_WARN_NON_LITERAL_NULL_CONVERSION = YES;
				CLANG_WARN_OBJC_IMPLICIT_RETAIN_SELF = YES;
				CLANG_WARN_OBJC_LITERAL_CONVERSION = YES;
				CLANG_WARN_OBJC_ROOT_CLASS = YES_ERROR;
				CLANG_WARN_QUOTED_INCLUDE_IN_FRAMEWORK_HEADER = YES;
				CLANG_WARN_RANGE_LOOP_ANALYSIS = YES;
				CLANG_WARN_STRICT_PROTOTYPES = YES;
				CLANG_WARN_SUSPICIOUS_MOVE = YES;
				CLANG_WARN_UNGUARDED_AVAILABILITY = YES_AGGRESSIVE;
				CLANG_WARN_UNREACHABLE_CODE = YES;
				CLANG_WARN__DUPLICATE_METHOD_MATCH = YES;
				COPY_PHASE_STRIP = NO;
				DEBUG_INFORMATION_FORMAT = dwarf;
				ENABLE_STRICT_OBJC_MSGSEND = YES;
				ENABLE_TESTABILITY = YES;
				ENABLE_USER_SCRIPT_SANDBOXING = YES;
				GCC_C_LANGUAGE_STANDARD = gnu17;
				GCC_DYNAMIC_NO_PIC = NO;
				GCC_NO_COMMON_BLOCKS = YES;
				GCC_OPTIMIZATION_LEVEL = 0;
				GCC_PREPROCESSOR_DEFINITIONS = (
					"DEBUG=1",
					"$(inherited)",
				);
				GCC_WARN_64_TO_32_BIT_CONVERSION = YES;
				GCC_WARN_ABOUT_RETURN_TYPE = YES_ERROR;
				GCC_WARN_UNDECLARED_SELECTOR = YES;
				GCC_WARN_UNINITIALIZED_AUTOS = YES_AGGRESSIVE;
				GCC_WARN_UNUSED_FUNCTION = YES;
				GCC_WARN_UNUSED_VARIABLE = YES;
				IPHONEOS_DEPLOYMENT_TARGET = 17.0;
				LOCALIZATION_PREFERS_STRING_CATALOGS = YES;
				MTL_ENABLE_DEBUG_INFO = INCLUDE_SOURCE;
				MTL_FAST_MATH = YES;
				ONLY_ACTIVE_ARCH = YES;
				SDKROOT = iphoneos;
				SWIFT_ACTIVE_COMPILATION_CONDITIONS = "DEBUG $(inherited)";
				SWIFT_OPTIMIZATION_LEVEL = "-Onone";
			};
			name = Debug;
		};
		8363D0D52B8266670023507A /* Release */ = {
			isa = XCBuildConfiguration;
			buildSettings = {
				ALWAYS_SEARCH_USER_PATHS = NO;
				ASSETCATALOG_COMPILER_GENERATE_SWIFT_ASSET_SYMBOL_EXTENSIONS = YES;
				CLANG_ANALYZER_NONNULL = YES;
				CLANG_ANALYZER_NUMBER_OBJECT_CONVERSION = YES_AGGRESSIVE;
				CLANG_CXX_LANGUAGE_STANDARD = "gnu++20";
				CLANG_ENABLE_MODULES = YES;
				CLANG_ENABLE_OBJC_ARC = YES;
				CLANG_ENABLE_OBJC_WEAK = YES;
				CLANG_WARN_BLOCK_CAPTURE_AUTORELEASING = YES;
				CLANG_WARN_BOOL_CONVERSION = YES;
				CLANG_WARN_COMMA = YES;
				CLANG_WARN_CONSTANT_CONVERSION = YES;
				CLANG_WARN_DEPRECATED_OBJC_IMPLEMENTATIONS = YES;
				CLANG_WARN_DIRECT_OBJC_ISA_USAGE = YES_ERROR;
				CLANG_WARN_DOCUMENTATION_COMMENTS = YES;
				CLANG_WARN_EMPTY_BODY = YES;
				CLANG_WARN_ENUM_CONVERSION = YES;
				CLANG_WARN_INFINITE_RECURSION = YES;
				CLANG_WARN_INT_CONVERSION = YES;
				CLANG_WARN_NON_LITERAL_NULL_CONVERSION = YES;
				CLANG_WARN_OBJC_IMPLICIT_RETAIN_SELF = YES;
				CLANG_WARN_OBJC_LITERAL_CONVERSION = YES;
				CLANG_WARN_OBJC_ROOT_CLASS = YES_ERROR;
				CLANG_WARN_QUOTED_INCLUDE_IN_FRAMEWORK_HEADER = YES;
				CLANG_WARN_RANGE_LOOP_ANALYSIS = YES;
				CLANG_WARN_STRICT_PROTOTYPES = YES;
				CLANG_WARN_SUSPICIOUS_MOVE = YES;
				CLANG_WARN_UNGUARDED_AVAILABILITY = YES_AGGRESSIVE;
				CLANG_WARN_UNREACHABLE_CODE = YES;
				CLANG_WARN__DUPLICATE_METHOD_MATCH = YES;
				COPY_PHASE_STRIP = NO;
				DEBUG_INFORMATION_FORMAT = "dwarf-with-dsym";
				ENABLE_NS_ASSERTIONS = NO;
				ENABLE_STRICT_OBJC_MSGSEND = YES;
				ENABLE_USER_SCRIPT_SANDBOXING = YES;
				GCC_C_LANGUAGE_STANDARD = gnu17;
				GCC_NO_COMMON_BLOCKS = YES;
				GCC_WARN_64_TO_32_BIT_CONVERSION = YES;
				GCC_WARN_ABOUT_RETURN_TYPE = YES_ERROR;
				GCC_WARN_UNDECLARED_SELECTOR = YES;
				GCC_WARN_UNINITIALIZED_AUTOS = YES_AGGRESSIVE;
				GCC_WARN_UNUSED_FUNCTION = YES;
				GCC_WARN_UNUSED_VARIABLE = YES;
				IPHONEOS_DEPLOYMENT_TARGET = 17.0;
				LOCALIZATION_PREFERS_STRING_CATALOGS = YES;
				MTL_ENABLE_DEBUG_INFO = NO;
				MTL_FAST_MATH = YES;
				SDKROOT = iphoneos;
				SWIFT_COMPILATION_MODE = wholemodule;
				VALIDATE_PRODUCT = YES;
			};
			name = Release;
		};
		8363D0D72B8266670023507A /* Debug */ = {
			isa = XCBuildConfiguration;
			buildSettings = {
				ASSETCATALOG_COMPILER_APPICON_NAME = AppIcon;
				ASSETCATALOG_COMPILER_GLOBAL_ACCENT_COLOR_NAME = AccentColor;
				CODE_SIGN_STYLE = Automatic;
				CURRENT_PROJECT_VERSION = 1;
				DEVELOPMENT_ASSET_PATHS = "\"musial-mobile/Preview Content\"";
				DEVELOPMENT_TEAM = NRCC95UUD6;
				ENABLE_PREVIEWS = YES;
				GENERATE_INFOPLIST_FILE = YES;
				INFOPLIST_KEY_UIApplicationSceneManifest_Generation = YES;
				INFOPLIST_KEY_UIApplicationSupportsIndirectInputEvents = YES;
				INFOPLIST_KEY_UILaunchScreen_Generation = YES;
				INFOPLIST_KEY_UISupportedInterfaceOrientations_iPad = "UIInterfaceOrientationPortrait UIInterfaceOrientationPortraitUpsideDown UIInterfaceOrientationLandscapeLeft UIInterfaceOrientationLandscapeRight";
				INFOPLIST_KEY_UISupportedInterfaceOrientations_iPhone = "UIInterfaceOrientationPortrait UIInterfaceOrientationLandscapeLeft UIInterfaceOrientationLandscapeRight";
				LD_RUNPATH_SEARCH_PATHS = (
					"$(inherited)",
					"@executable_path/Frameworks",
				);
				MARKETING_VERSION = 1.0;
				PRODUCT_BUNDLE_IDENTIFIER = "ru.hse.musial-mobile";
				PRODUCT_NAME = "$(TARGET_NAME)";
				SWIFT_EMIT_LOC_STRINGS = YES;
				SWIFT_VERSION = 5.0;
				TARGETED_DEVICE_FAMILY = "1,2";
			};
			name = Debug;
		};
		8363D0D82B8266670023507A /* Release */ = {
			isa = XCBuildConfiguration;
			buildSettings = {
				ASSETCATALOG_COMPILER_APPICON_NAME = AppIcon;
				ASSETCATALOG_COMPILER_GLOBAL_ACCENT_COLOR_NAME = AccentColor;
				CODE_SIGN_STYLE = Automatic;
				CURRENT_PROJECT_VERSION = 1;
				DEVELOPMENT_ASSET_PATHS = "\"musial-mobile/Preview Content\"";
				DEVELOPMENT_TEAM = NRCC95UUD6;
				ENABLE_PREVIEWS = YES;
				GENERATE_INFOPLIST_FILE = YES;
				INFOPLIST_KEY_UIApplicationSceneManifest_Generation = YES;
				INFOPLIST_KEY_UIApplicationSupportsIndirectInputEvents = YES;
				INFOPLIST_KEY_UILaunchScreen_Generation = YES;
				INFOPLIST_KEY_UISupportedInterfaceOrientations_iPad = "UIInterfaceOrientationPortrait UIInterfaceOrientationPortraitUpsideDown UIInterfaceOrientationLandscapeLeft UIInterfaceOrientationLandscapeRight";
				INFOPLIST_KEY_UISupportedInterfaceOrientations_iPhone = "UIInterfaceOrientationPortrait UIInterfaceOrientationLandscapeLeft UIInterfaceOrientationLandscapeRight";
				LD_RUNPATH_SEARCH_PATHS = (
					"$(inherited)",
					"@executable_path/Frameworks",
				);
				MARKETING_VERSION = 1.0;
				PRODUCT_BUNDLE_IDENTIFIER = "ru.hse.musial-mobile";
				PRODUCT_NAME = "$(TARGET_NAME)";
				SWIFT_EMIT_LOC_STRINGS = YES;
				SWIFT_VERSION = 5.0;
				TARGETED_DEVICE_FAMILY = "1,2";
			};
			name = Release;
		};
/* End XCBuildConfiguration section */

/* Begin XCConfigurationList section */
		8363D0C32B8266650023507A /* Build configuration list for PBXProject "musial-mobile" */ = {
			isa = XCConfigurationList;
			buildConfigurations = (
				8363D0D42B8266670023507A /* Debug */,
				8363D0D52B8266670023507A /* Release */,
			);
			defaultConfigurationIsVisible = 0;
			defaultConfigurationName = Release;
		};
		8363D0D62B8266670023507A /* Build configuration list for PBXNativeTarget "musial-mobile" */ = {
			isa = XCConfigurationList;
			buildConfigurations = (
				8363D0D72B8266670023507A /* Debug */,
				8363D0D82B8266670023507A /* Release */,
			);
			defaultConfigurationIsVisible = 0;
			defaultConfigurationName = Release;
		};
/* End XCConfigurationList section */
	};
	rootObject = 8363D0C02B8266650023507A /* Project object */;
}
